
Microsoft Visual Studio Solution File, Format Version 12.00
# Visual Studio 2012
Project("{FAE04EC0-301F-11D3-BF4B-00C04F79EFBC}") = "Cs2hx", "Cs2hx\Cs2hx.csproj", "{07231F24-F084-4AF5-BE1A-ACB5750DFADD}"
EndProject
Project("{FAE04EC0-301F-11D3-BF4B-00C04F79EFBC}") = "Cs2hx2", "Cs2hx2\Cs2hx2.csproj", "{9E6DE880-241E-451B-86F1-36EE3E10B316}"
EndProject
Project("{FAE04EC0-301F-11D3-BF4B-00C04F79EFBC}") = "Test", "Test\Test.csproj", "{91E43481-3801-4E6D-84BA-1221F2D11D68}"
EndProject
Global
	GlobalSection(SolutionConfigurationPlatforms) = preSolution
		Debug|Any CPU = Debug|Any CPU
		Debug|Mixed Platforms = Debug|Mixed Platforms
		Debug|x86 = Debug|x86
		Release|Any CPU = Release|Any CPU
		Release|Mixed Platforms = Release|Mixed Platforms
		Release|x86 = Release|x86
	EndGlobalSection
	GlobalSection(ProjectConfigurationPlatforms) = postSolution
		{07231F24-F084-4AF5-BE1A-ACB5750DFADD}.Debug|Any CPU.ActiveCfg = Debug|Any CPU
		{07231F24-F084-4AF5-BE1A-ACB5750DFADD}.Debug|Any CPU.Build.0 = Debug|Any CPU
		{07231F24-F084-4AF5-BE1A-ACB5750DFADD}.Debug|Mixed Platforms.ActiveCfg = Debug|Any CPU
		{07231F24-F084-4AF5-BE1A-ACB5750DFADD}.Debug|Mixed Platforms.Build.0 = Debug|Any CPU
		{07231F24-F084-4AF5-BE1A-ACB5750DFADD}.Debug|x86.ActiveCfg = Debug|Any CPU
		{07231F24-F084-4AF5-BE1A-ACB5750DFADD}.Release|Any CPU.ActiveCfg = Release|Any CPU
		{07231F24-F084-4AF5-BE1A-ACB5750DFADD}.Release|Any CPU.Build.0 = Release|Any CPU
		{07231F24-F084-4AF5-BE1A-ACB5750DFADD}.Release|Mixed Platforms.ActiveCfg = Release|Any CPU
		{07231F24-F084-4AF5-BE1A-ACB5750DFADD}.Release|Mixed Platforms.Build.0 = Release|Any CPU
		{07231F24-F084-4AF5-BE1A-ACB5750DFADD}.Release|x86.ActiveCfg = Release|Any CPU
		{9E6DE880-241E-451B-86F1-36EE3E10B316}.Debug|Any CPU.ActiveCfg = Debug|x86
		{9E6DE880-241E-451B-86F1-36EE3E10B316}.Debug|Mixed Platforms.ActiveCfg = Debug|x86
		{9E6DE880-241E-451B-86F1-36EE3E10B316}.Debug|Mixed Platforms.Build.0 = Debug|x86
		{9E6DE880-241E-451B-86F1-36EE3E10B316}.Debug|x86.ActiveCfg = Debug|x86
		{9E6DE880-241E-451B-86F1-36EE3E10B316}.Debug|x86.Build.0 = Debug|x86
		{9E6DE880-241E-451B-86F1-36EE3E10B316}.Release|Any CPU.ActiveCfg = Release|x86
		{9E6DE880-241E-451B-86F1-36EE3E10B316}.Release|Mixed Platforms.ActiveCfg = Release|x86
		{9E6DE880-241E-451B-86F1-36EE3E10B316}.Release|Mixed Platforms.Build.0 = Release|x86
		{9E6DE880-241E-451B-86F1-36EE3E10B316}.Release|x86.ActiveCfg = Release|x86
		{9E6DE880-241E-451B-86F1-36EE3E10B316}.Release|x86.Build.0 = Release|x86
		{91E43481-3801-4E6D-84BA-1221F2D11D68}.Debug|Any CPU.ActiveCfg = Debug|Any CPU
		{91E43481-3801-4E6D-84BA-1221F2D11D68}.Debug|Any CPU.Build.0 = Debug|Any CPU
		{91E43481-3801-4E6D-84BA-1221F2D11D68}.Debug|Mixed Platforms.ActiveCfg = Debug|Any CPU
		{91E43481-3801-4E6D-84BA-1221F2D11D68}.Debug|Mixed Platforms.Build.0 = Debug|Any CPU
		{91E43481-3801-4E6D-84BA-1221F2D11D68}.Debug|x86.ActiveCfg = Debug|Any CPU
		{91E43481-3801-4E6D-84BA-1221F2D11D68}.Release|Any CPU.ActiveCfg = Release|Any CPU
		{91E43481-3801-4E6D-84BA-1221F2D11D68}.Release|Any CPU.Build.0 = Release|Any CPU
		{91E43481-3801-4E6D-84BA-1221F2D11D68}.Release|Mixed Platforms.ActiveCfg = Release|Any CPU
		{91E43481-3801-4E6D-84BA-1221F2D11D68}.Release|Mixed Platforms.Build.0 = Release|Any CPU
		{91E43481-3801-4E6D-84BA-1221F2D11D68}.Release|x86.ActiveCfg = Release|Any CPU
	EndGlobalSection
	GlobalSection(SolutionProperties) = preSolution
		HideSolutionNode = FALSE
	EndGlobalSection
EndGlobal
